<?xml version="1.0" encoding="utf-8"?>
<Project ToolsVersion="4.0" xmlns="http://schemas.microsoft.com/developer/msbuild/2003">
  <ItemGroup>
    <Filter Include="Source Files">
      <UniqueIdentifier>{4FC737F1-C7A5-4376-A066-2A32D752A2FF}</UniqueIdentifier>
      <Extensions>cpp;c;cc;cxx;c++;cppm;ixx;def;odl;idl;hpj;bat;asm;asmx</Extensions>
    </Filter>
    <Filter Include="Header Files">
      <UniqueIdentifier>{93995380-89BD-4b04-88EB-625FBE52EBFB}</UniqueIdentifier>
      <Extensions>h;hh;hpp;hxx;h++;hm;inl;inc;ipp;xsd</Extensions>
    </Filter>
    <Filter Include="Resource Files">
      <UniqueIdentifier>{67DA6AB6-F800-4c08-8B7A-83BB121AAD01}</UniqueIdentifier>
      <Extensions>rc;ico;cur;bmp;dlg;rc2;rct;bin;rgs;gif;jpg;jpeg;jpe;resx;tiff;tif;png;wav;mfcribbon-ms</Extensions>
    </Filter>
  </ItemGroup>
  <ItemGroup>
    <ClCompile Include="src\standalone\sound_engine.cpp">
      <Filter>Source Files</Filter>
    </ClCompile>
    <ClCompile Include="src\synthesis\modules\module.cpp">
      <Filter>Source Files</Filter>
    </ClCompile>
    <ClCompile Include="src\synthesis\synthesizer.cpp">
      <Filter>Source Files</Filter>
    </ClCompile>
    <ClCompile Include="src\synthesis\modules\mixer.cpp">
      <Filter>Source Files</Filter>
    </ClCompile>
    <ClCompile Include="src\synthesis\modules\master.cpp">
      <Filter>Source Files</Filter>
    </ClCompile>
    <ClCompile Include="src\synthesis\modules\oscillator.cpp">
      <Filter>Source Files</Filter>
    </ClCompile>
    <ClCompile Include="src\standalone\file_io.cpp">
      <Filter>Source Files</Filter>
    </ClCompile>
    <ClCompile Include="src\synthesis\modules\voice_manager.cpp">
      <Filter>Source Files</Filter>
    </ClCompile>
    <ClCompile Include="src\synthesis\modules\voice.cpp">
      <Filter>Source Files</Filter>
    </ClCompile>
    <ClCompile Include="src\standalone\midi_listener.cpp">
      <Filter>Source Files</Filter>
    </ClCompile>
    <ClCompile Include="src\synthesis\modules\fx\delay.cpp">
      <Filter>Source Files</Filter>
    </ClCompile>
    <ClCompile Include="src\synthesis\modules\fx\fx.cpp">
      <Filter>Source Files</Filter>
    </ClCompile>
    <ClCompile Include="src\synthesis\modules\modulator\envelope.cpp">
      <Filter>Source Files</Filter>
    </ClCompile>
    <ClCompile Include="src\synthesis\modules\fx\phaser.cpp">
      <Filter>Source Files</Filter>
    </ClCompile>
    <ClCompile Include="src\synthesis\modules\noise_generator.cpp">
      <Filter>Source Files</Filter>
    </ClCompile>
    <ClCompile Include="src\synthesis\modules\fx\chorus.cpp">
      <Filter>Source Files</Filter>
    </ClCompile>
    <ClCompile Include="src\synthesis\modules\fx\reverb\reverb.cpp">
      <Filter>Source Files</Filter>
    </ClCompile>
    <ClCompile Include="src\synthesis\modules\fx\reverb\schroeder.cpp">
      <Filter>Source Files</Filter>
    </ClCompile>
    <ClCompile Include="src\synthesis\modules\fx\components\delay_line.cpp">
      <Filter>Source Files</Filter>
    </ClCompile>
    <ClCompile Include="src\synthesis\modules\fx\flanger.cpp">
      <Filter>Header Files</Filter>
    </ClCompile>
    <ClCompile Include="src\synthesis\modules\fx\components\schroeder_allpass.cpp">
      <Filter>Source Files</Filter>
    </ClCompile>
    <ClCompile Include="src\synthesis\modules\fx\reverb\luff.cpp">
      <Filter>Source Files</Filter>
    </ClCompile>
    <ClCompile Include="src\synthesis\modules\fx\components\multichannel_diffuser.cpp">
      <Filter>Source Files</Filter>
    </ClCompile>
    <ClCompile Include="src\standalone\standalone.cpp">
      <Filter>Source Files</Filter>
    </ClCompile>
    <ClCompile Include="src\application.cpp">
      <Filter>Source Files</Filter>
    </ClCompile>
    <ClCompile Include="src\teensy\teensy.cpp">
      <Filter>Source Files</Filter>
    </ClCompile>
    <ClCompile Include="src\utils\math.cpp">
      <Filter>Source Files</Filter>
    </ClCompile>
    <ClCompile Include="src\utils\utils.cpp">
      <Filter>Source Files</Filter>
    </ClCompile>
    <ClCompile Include="src\synthesis\modules\modulator\portamento.cpp">
      <Filter>Source Files</Filter>
    </ClCompile>
    <ClCompile Include="src\synthesis\modules\performed_oscillator.cpp">
      <Filter>Source Files</Filter>
    </ClCompile>
    <ClCompile Include="src\synthesis\modules\fx\soft_clip.cpp">
      <Filter>Source Files</Filter>
    </ClCompile>
  </ItemGroup>
  <ItemGroup>
    <ClInclude Include="src\standalone\sound_engine.h">
      <Filter>Header Files</Filter>
    </ClInclude>
    <ClInclude Include="src\utils\config.h">
      <Filter>Header Files</Filter>
    </ClInclude>
    <ClInclude Include="src\synthesis\modules\module.h">
      <Filter>Header Files</Filter>
    </ClInclude>
    <ClInclude Include="src\synthesis\synthesizer.h">
      <Filter>Header Files</Filter>
    </ClInclude>
    <ClInclude Include="src\utils\utils.h">
      <Filter>Header Files</Filter>
    </ClInclude>
    <ClInclude Include="src\synthesis\modules\mixer.h">
      <Filter>Header Files</Filter>
    </ClInclude>
    <ClInclude Include="src\synthesis\modules\master.h">
      <Filter>Header Files</Filter>
    </ClInclude>
    <ClInclude Include="src\utils\math.h">
      <Filter>Header Files</Filter>
    </ClInclude>
    <ClInclude Include="src\synthesis\modules\oscillator.h">
      <Filter>Header Files</Filter>
    </ClInclude>
    <ClInclude Include="src\standalone\file_io.h">
      <Filter>Header Files</Filter>
    </ClInclude>
    <ClInclude Include="src\midi\notes.h">
      <Filter>Header Files</Filter>
    </ClInclude>
    <ClInclude Include="src\synthesis\modules\voice_manager.h">
      <Filter>Header Files</Filter>
    </ClInclude>
    <ClInclude Include="src\synthesis\modules\voice.h">
      <Filter>Header Files</Filter>
    </ClInclude>
    <ClInclude Include="src\standalone\midi_listener.h">
      <Filter>Header Files</Filter>
    </ClInclude>
    <ClInclude Include="src\midi\message.h">
      <Filter>Header Files</Filter>
    </ClInclude>
    <ClInclude Include="src\synthesis\modules\fx\filter.h">
      <Filter>Header Files</Filter>
    </ClInclude>
    <ClInclude Include="src\synthesis\modules\fx\delay.h">
      <Filter>Header Files</Filter>
    </ClInclude>
    <ClInclude Include="src\synthesis\modules\fx\fx.h">
      <Filter>Header Files</Filter>
    </ClInclude>
    <ClInclude Include="src\utils\circular_array.h">
      <Filter>Header Files</Filter>
    </ClInclude>
    <ClInclude Include="src\synthesis\modules\modulator\envelope.h">
      <Filter>Header Files</Filter>
    </ClInclude>
    <ClInclude Include="src\synthesis\modules\fx\phaser.h">
      <Filter>Header Files</Filter>
    </ClInclude>
    <ClInclude Include="src\synthesis\modules\fx\flanger.h">
      <Filter>Header Files</Filter>
    </ClInclude>
    <ClInclude Include="src\synthesis\modules\noise_generator.h">
      <Filter>Header Files</Filter>
    </ClInclude>
    <ClInclude Include="src\synthesis\modules\fx\chorus.h">
      <Filter>Header Files</Filter>
    </ClInclude>
    <ClInclude Include="src\utils\rng.h">
      <Filter>Header Files</Filter>
    </ClInclude>
    <ClInclude Include="src\synthesis\modules\fx\reverb\reverb.h">
      <Filter>Header Files</Filter>
    </ClInclude>
    <ClInclude Include="src\synthesis\modules\fx\reverb\schroeder.h">
      <Filter>Header Files</Filter>
    </ClInclude>
    <ClInclude Include="src\synthesis\modules\fx\components\delay_line.h">
      <Filter>Header Files</Filter>
    </ClInclude>
    <ClInclude Include="src\synthesis\modules\fx\components\schroeder_allpass.h">
      <Filter>Header Files</Filter>
    </ClInclude>
    <ClInclude Include="src\synthesis\modules\fx\components\multichannel_diffuser.h">
      <Filter>Header Files</Filter>
    </ClInclude>
    <ClInclude Include="src\synthesis\modules\fx\reverb\luff.h">
      <Filter>Header Files</Filter>
    </ClInclude>
    <ClInclude Include="src\application.h">
      <Filter>Header Files</Filter>
    </ClInclude>
    <ClInclude Include="src\teensy\teensy.h">
      <Filter>Header Files</Filter>
    </ClInclude>
    <ClInclude Include="src\utils\global.h">
      <Filter>Header Files</Filter>
    </ClInclude>
    <ClInclude Include="src\synthesis\modules\modulator\portamento.h">
      <Filter>Header Files</Filter>
    </ClInclude>
    <ClInclude Include="src\synthesis\modules\performed_oscillator.h">
      <Filter>Header Files</Filter>
    </ClInclude>
    <ClInclude Include="src\synthesis\modules\fx\soft_clip.h">
      <Filter>Header Files</Filter>
    </ClInclude>
  </ItemGroup>
  <ItemGroup>
    <Text Include="notes.txt">
      <Filter>Source Files</Filter>
    </Text>
  </ItemGroup>
  <ItemGroup>
    <None Include="TeensyMakefile">
      <Filter>Source Files</Filter>
    </None>
  </ItemGroup>
</Project>